
Microsoft Visual Studio Solution File, Format Version 12.00
# Visual Studio Version 16
VisualStudioVersion = 16.0.31129.286
MinimumVisualStudioVersion = 10.0.40219.1
Project("{FAE04EC0-301F-11D3-BF4B-00C04F79EFBC}") = "WinFormsControlLibrary.Main", "WinFormsControlLibrary.Main\WinFormsControlLibrary.Main.csproj", "{D8BFEC8B-2340-4BAA-8F8C-B80521FECC09}"
EndProject
Project("{FAE04EC0-301F-11D3-BF4B-00C04F79EFBC}") = "WinFormsApp", "WinFormsApp\WinFormsApp.csproj", "{2BD130CF-70B9-4DC7-ADF6-218EC4547AB4}"
EndProject
Global
	GlobalSection(SolutionConfigurationPlatforms) = preSolution
		Debug|Any CPU = Debug|Any CPU
		Release|Any CPU = Release|Any CPU
	EndGlobalSection
	GlobalSection(ProjectConfigurationPlatforms) = postSolution
		{D8BFEC8B-2340-4BAA-8F8C-B80521FECC09}.Debug|Any CPU.ActiveCfg = Debug|Any CPU
		{D8BFEC8B-2340-4BAA-8F8C-B80521FECC09}.Debug|Any CPU.Build.0 = Debug|Any CPU
		{D8BFEC8B-2340-4BAA-8F8C-B80521FECC09}.Release|Any CPU.ActiveCfg = Release|Any CPU
		{D8BFEC8B-2340-4BAA-8F8C-B80521FECC09}.Release|Any CPU.Build.0 = Release|Any CPU
		{2BD130CF-70B9-4DC7-ADF6-218EC4547AB4}.Debug|Any CPU.ActiveCfg = Debug|Any CPU
		{2BD130CF-70B9-4DC7-ADF6-218EC4547AB4}.Debug|Any CPU.Build.0 = Debug|Any CPU
		{2BD130CF-70B9-4DC7-ADF6-218EC4547AB4}.Release|Any CPU.ActiveCfg = Release|Any CPU
		{2BD130CF-70B9-4DC7-ADF6-218EC4547AB4}.Release|Any CPU.Build.0 = Release|Any CPU
	EndGlobalSection
	GlobalSection(SolutionProperties) = preSolution
		HideSolutionNode = FALSE
	EndGlobalSection
	GlobalSection(ExtensibilityGlobals) = postSolution
		SolutionGuid = {7F330631-0C89-442E-AD52-66AC1B9366A7}
	EndGlobalSection
EndGlobal
